# This file was autogenerated by Stack.
# You should not edit this file by hand.
# For more information, please see the documentation at:
#   https://docs.haskellstack.org/en/stable/lock_files

packages:
- completed:
    cabal-file:
      size: 24194
      sha256: 8d39a130e4058db4a031ebf02705ddd21d06294d36f62a95803c40e0b18cc689
    name: morpheus-graphql
    version: 0.9.1
    git: https://github.com/morpheusgraphql/morpheus-graphql.git
    pantry-tree:
      size: 39718
      sha256: 9a612f571f63d8d594b081762addf2dd81bd933ff509d91c15fd1b76fa339e90
    commit: 45234ceabe6c227a2ff19e1557b06773501633d8
  original:
    git: https://github.com/morpheusgraphql/morpheus-graphql.git
    commit: 45234ceabe6c227a2ff19e1557b06773501633d8
snapshots:
- completed:
    size: 524804
    url: https://raw.githubusercontent.com/commercialhaskell/stackage-snapshots/master/lts/14/16.yaml
    sha256: 4d1519a4372d051d47a5eae2241cf3fb54e113d7475f89707ddb6ec06add2888
  original: lts-14.16
